
Microsoft Visual Studio Solution File, Format Version 11.00
# Visual Studio 2010
# SharpDevelop 4.4
Project("{FD48973F-F585-4F70-812B-4D0503B36CE9}") = "HelloWorld", "HelloWorld\HelloWorld.pyproj", "{94B04C02-D552-4250-862D-20D803CE5DEF}"
EndProject
Global
	GlobalSection(SolutionConfigurationPlatforms) = preSolution
		Debug|Any CPU = Debug|Any CPU
		Release|Any CPU = Release|Any CPU
	EndGlobalSection
	GlobalSection(ProjectConfigurationPlatforms) = postSolution
		{94B04C02-D552-4250-862D-20D803CE5DEF}.Debug|Any CPU.Build.0 = Debug|Any CPU
		{94B04C02-D552-4250-862D-20D803CE5DEF}.Debug|Any CPU.ActiveCfg = Debug|Any CPU
		{94B04C02-D552-4250-862D-20D803CE5DEF}.Release|Any CPU.Build.0 = Release|Any CPU
		{94B04C02-D552-4250-862D-20D803CE5DEF}.Release|Any CPU.ActiveCfg = Release|Any CPU
	EndGlobalSection
EndGlobal
