
Microsoft Visual Studio Solution File, Format Version 11.00
# Visual Studio 2010
# SharpDevelop 4.4
Project("{FD48973F-F585-4F70-812B-4D0503B36CE9}") = "pg272longdistance", "pg272longdistance\pg272longdistance.pyproj", "{3220DC32-C510-4006-B800-C1FCB0F2551E}"
EndProject
Global
	GlobalSection(SolutionConfigurationPlatforms) = preSolution
		Debug|Any CPU = Debug|Any CPU
		Release|Any CPU = Release|Any CPU
	EndGlobalSection
	GlobalSection(ProjectConfigurationPlatforms) = postSolution
		{3220DC32-C510-4006-B800-C1FCB0F2551E}.Debug|Any CPU.Build.0 = Debug|Any CPU
		{3220DC32-C510-4006-B800-C1FCB0F2551E}.Debug|Any CPU.ActiveCfg = Debug|Any CPU
		{3220DC32-C510-4006-B800-C1FCB0F2551E}.Release|Any CPU.Build.0 = Release|Any CPU
		{3220DC32-C510-4006-B800-C1FCB0F2551E}.Release|Any CPU.ActiveCfg = Release|Any CPU
	EndGlobalSection
EndGlobal
