
Microsoft Visual Studio Solution File, Format Version 11.00
# Visual Studio 2010
# SharpDevelop 4.4
Project("{FD48973F-F585-4F70-812B-4D0503B36CE9}") = "pg485skateboarddesigner", "pg485skateboarddesigner\pg485skateboarddesigner.pyproj", "{72DB4ED9-6305-4A25-BF76-15AAB17C3A7A}"
EndProject
Global
	GlobalSection(SolutionConfigurationPlatforms) = preSolution
		Debug|Any CPU = Debug|Any CPU
		Release|Any CPU = Release|Any CPU
	EndGlobalSection
	GlobalSection(ProjectConfigurationPlatforms) = postSolution
		{72DB4ED9-6305-4A25-BF76-15AAB17C3A7A}.Debug|Any CPU.Build.0 = Debug|Any CPU
		{72DB4ED9-6305-4A25-BF76-15AAB17C3A7A}.Debug|Any CPU.ActiveCfg = Debug|Any CPU
		{72DB4ED9-6305-4A25-BF76-15AAB17C3A7A}.Release|Any CPU.Build.0 = Release|Any CPU
		{72DB4ED9-6305-4A25-BF76-15AAB17C3A7A}.Release|Any CPU.ActiveCfg = Release|Any CPU
	EndGlobalSection
EndGlobal
