
Microsoft Visual Studio Solution File, Format Version 12.00
# Visual Studio Version 17
VisualStudioVersion = 17.0.32014.148
MinimumVisualStudioVersion = 10.0.40219.1
Project("{FAE04EC0-301F-11D3-BF4B-00C04F79EFBC}") = "HelloName", "ConsoleApplication1\HelloName.csproj", "{02E8CF60-4F67-48F3-9158-E17A11233901}"
EndProject
Project("{FAE04EC0-301F-11D3-BF4B-00C04F79EFBC}") = "Prog52aConsole", "Prog52aConsole\Prog52aConsole.csproj", "{AC9FE5F8-B124-41A2-BDE1-7E442CFE4AEE}"
EndProject
Project("{FAE04EC0-301F-11D3-BF4B-00C04F79EFBC}") = "Prog54bConsole", "Prog54bConsole\Prog54bConsole.csproj", "{67C9DE34-BFFC-4817-9ECA-F4EF82841B2E}"
EndProject
Project("{FAE04EC0-301F-11D3-BF4B-00C04F79EFBC}") = "ConsProg54cConsole", "ConsProg54cConsole\ConsProg54cConsole.csproj", "{200C133C-D33D-4F39-AD5D-F51E94407896}"
EndProject
Project("{FAE04EC0-301F-11D3-BF4B-00C04F79EFBC}") = "FavClubConsole", "FavClubConsole\FavClubConsole.csproj", "{2CDBD860-D7C7-49A1-A56A-059D66C02689}"
EndProject
Project("{FAE04EC0-301F-11D3-BF4B-00C04F79EFBC}") = "YourNameConsole", "YourNameConsole\YourNameConsole.csproj", "{598489DB-DE80-448A-AD7F-D22E5AAEC943}"
EndProject
Project("{FAE04EC0-301F-11D3-BF4B-00C04F79EFBC}") = "WindowsFormsApplication1", "WindowsFormsApplication1\WindowsFormsApplication1.csproj", "{B2C53C7C-A700-4105-930E-DDF6FBF25175}"
EndProject
Project("{FAE04EC0-301F-11D3-BF4B-00C04F79EFBC}") = "Prog88a", "Prog88a\Prog88a.csproj", "{3F714380-B486-4837-9C1F-BB1441577063}"
EndProject
Project("{778DAE3C-4631-46EA-AA77-85C1314464D9}") = "lp4-1", "lp4-1\lp4-1.vbproj", "{09607E64-D29B-4D2B-A2C0-896109A4E9E5}"
EndProject
Project("{9A19103F-16F7-4668-BE54-9A1E7A4F7556}") = "Lp4-1new", "Lp4-1new\Lp4-1new.csproj", "{10C552AA-8EB6-4473-BC50-BA4064AC049F}"
EndProject
Project("{FAE04EC0-301F-11D3-BF4B-00C04F79EFBC}") = "LP4-2", "LP4-2\LP4-2.csproj", "{21C2B3D7-0861-472C-AE0B-BC5939732785}"
EndProject
Project("{FAE04EC0-301F-11D3-BF4B-00C04F79EFBC}") = "LP4-5", "LP4-5\LP4-5.csproj", "{9FF6ACAB-9F94-4859-91D5-B0AF5A52C800}"
EndProject
Global
	GlobalSection(SolutionConfigurationPlatforms) = preSolution
		Debug|Any CPU = Debug|Any CPU
		Release|Any CPU = Release|Any CPU
	EndGlobalSection
	GlobalSection(ProjectConfigurationPlatforms) = postSolution
		{02E8CF60-4F67-48F3-9158-E17A11233901}.Debug|Any CPU.ActiveCfg = Debug|Any CPU
		{02E8CF60-4F67-48F3-9158-E17A11233901}.Debug|Any CPU.Build.0 = Debug|Any CPU
		{02E8CF60-4F67-48F3-9158-E17A11233901}.Release|Any CPU.ActiveCfg = Release|Any CPU
		{02E8CF60-4F67-48F3-9158-E17A11233901}.Release|Any CPU.Build.0 = Release|Any CPU
		{AC9FE5F8-B124-41A2-BDE1-7E442CFE4AEE}.Debug|Any CPU.ActiveCfg = Debug|Any CPU
		{AC9FE5F8-B124-41A2-BDE1-7E442CFE4AEE}.Debug|Any CPU.Build.0 = Debug|Any CPU
		{AC9FE5F8-B124-41A2-BDE1-7E442CFE4AEE}.Release|Any CPU.ActiveCfg = Release|Any CPU
		{AC9FE5F8-B124-41A2-BDE1-7E442CFE4AEE}.Release|Any CPU.Build.0 = Release|Any CPU
		{67C9DE34-BFFC-4817-9ECA-F4EF82841B2E}.Debug|Any CPU.ActiveCfg = Debug|Any CPU
		{67C9DE34-BFFC-4817-9ECA-F4EF82841B2E}.Debug|Any CPU.Build.0 = Debug|Any CPU
		{67C9DE34-BFFC-4817-9ECA-F4EF82841B2E}.Release|Any CPU.ActiveCfg = Release|Any CPU
		{67C9DE34-BFFC-4817-9ECA-F4EF82841B2E}.Release|Any CPU.Build.0 = Release|Any CPU
		{200C133C-D33D-4F39-AD5D-F51E94407896}.Debug|Any CPU.ActiveCfg = Debug|Any CPU
		{200C133C-D33D-4F39-AD5D-F51E94407896}.Debug|Any CPU.Build.0 = Debug|Any CPU
		{200C133C-D33D-4F39-AD5D-F51E94407896}.Release|Any CPU.ActiveCfg = Release|Any CPU
		{200C133C-D33D-4F39-AD5D-F51E94407896}.Release|Any CPU.Build.0 = Release|Any CPU
		{2CDBD860-D7C7-49A1-A56A-059D66C02689}.Debug|Any CPU.ActiveCfg = Debug|Any CPU
		{2CDBD860-D7C7-49A1-A56A-059D66C02689}.Debug|Any CPU.Build.0 = Debug|Any CPU
		{2CDBD860-D7C7-49A1-A56A-059D66C02689}.Release|Any CPU.ActiveCfg = Release|Any CPU
		{2CDBD860-D7C7-49A1-A56A-059D66C02689}.Release|Any CPU.Build.0 = Release|Any CPU
		{598489DB-DE80-448A-AD7F-D22E5AAEC943}.Debug|Any CPU.ActiveCfg = Debug|Any CPU
		{598489DB-DE80-448A-AD7F-D22E5AAEC943}.Debug|Any CPU.Build.0 = Debug|Any CPU
		{598489DB-DE80-448A-AD7F-D22E5AAEC943}.Release|Any CPU.ActiveCfg = Release|Any CPU
		{598489DB-DE80-448A-AD7F-D22E5AAEC943}.Release|Any CPU.Build.0 = Release|Any CPU
		{B2C53C7C-A700-4105-930E-DDF6FBF25175}.Debug|Any CPU.ActiveCfg = Debug|Any CPU
		{B2C53C7C-A700-4105-930E-DDF6FBF25175}.Debug|Any CPU.Build.0 = Debug|Any CPU
		{B2C53C7C-A700-4105-930E-DDF6FBF25175}.Release|Any CPU.ActiveCfg = Release|Any CPU
		{B2C53C7C-A700-4105-930E-DDF6FBF25175}.Release|Any CPU.Build.0 = Release|Any CPU
		{3F714380-B486-4837-9C1F-BB1441577063}.Debug|Any CPU.ActiveCfg = Debug|Any CPU
		{3F714380-B486-4837-9C1F-BB1441577063}.Debug|Any CPU.Build.0 = Debug|Any CPU
		{3F714380-B486-4837-9C1F-BB1441577063}.Release|Any CPU.ActiveCfg = Release|Any CPU
		{3F714380-B486-4837-9C1F-BB1441577063}.Release|Any CPU.Build.0 = Release|Any CPU
		{09607E64-D29B-4D2B-A2C0-896109A4E9E5}.Debug|Any CPU.ActiveCfg = Debug|Any CPU
		{09607E64-D29B-4D2B-A2C0-896109A4E9E5}.Debug|Any CPU.Build.0 = Debug|Any CPU
		{09607E64-D29B-4D2B-A2C0-896109A4E9E5}.Release|Any CPU.ActiveCfg = Release|Any CPU
		{09607E64-D29B-4D2B-A2C0-896109A4E9E5}.Release|Any CPU.Build.0 = Release|Any CPU
		{10C552AA-8EB6-4473-BC50-BA4064AC049F}.Debug|Any CPU.ActiveCfg = Debug|Any CPU
		{10C552AA-8EB6-4473-BC50-BA4064AC049F}.Debug|Any CPU.Build.0 = Debug|Any CPU
		{10C552AA-8EB6-4473-BC50-BA4064AC049F}.Release|Any CPU.ActiveCfg = Release|Any CPU
		{10C552AA-8EB6-4473-BC50-BA4064AC049F}.Release|Any CPU.Build.0 = Release|Any CPU
		{21C2B3D7-0861-472C-AE0B-BC5939732785}.Debug|Any CPU.ActiveCfg = Debug|Any CPU
		{21C2B3D7-0861-472C-AE0B-BC5939732785}.Debug|Any CPU.Build.0 = Debug|Any CPU
		{21C2B3D7-0861-472C-AE0B-BC5939732785}.Release|Any CPU.ActiveCfg = Release|Any CPU
		{21C2B3D7-0861-472C-AE0B-BC5939732785}.Release|Any CPU.Build.0 = Release|Any CPU
		{9FF6ACAB-9F94-4859-91D5-B0AF5A52C800}.Debug|Any CPU.ActiveCfg = Debug|Any CPU
		{9FF6ACAB-9F94-4859-91D5-B0AF5A52C800}.Debug|Any CPU.Build.0 = Debug|Any CPU
		{9FF6ACAB-9F94-4859-91D5-B0AF5A52C800}.Release|Any CPU.ActiveCfg = Release|Any CPU
		{9FF6ACAB-9F94-4859-91D5-B0AF5A52C800}.Release|Any CPU.Build.0 = Release|Any CPU
	EndGlobalSection
	GlobalSection(SolutionProperties) = preSolution
		HideSolutionNode = FALSE
	EndGlobalSection
	GlobalSection(ExtensibilityGlobals) = postSolution
		SolutionGuid = {40CAA33E-BE65-4446-96E7-CB293ACAF3AB}
	EndGlobalSection
EndGlobal
