
Microsoft Visual Studio Solution File, Format Version 11.00
# Visual Studio 2010
# SharpDevelop 4.4
Project("{FD48973F-F585-4F70-812B-4D0503B36CE9}") = "lp37", "lp37\lp37.pyproj", "{CE495F44-A094-4F7F-B3CE-ABB62C96AE94}"
EndProject
Global
	GlobalSection(SolutionConfigurationPlatforms) = preSolution
		Debug|Any CPU = Debug|Any CPU
		Release|Any CPU = Release|Any CPU
	EndGlobalSection
	GlobalSection(ProjectConfigurationPlatforms) = postSolution
		{CE495F44-A094-4F7F-B3CE-ABB62C96AE94}.Debug|Any CPU.Build.0 = Debug|Any CPU
		{CE495F44-A094-4F7F-B3CE-ABB62C96AE94}.Debug|Any CPU.ActiveCfg = Debug|Any CPU
		{CE495F44-A094-4F7F-B3CE-ABB62C96AE94}.Release|Any CPU.Build.0 = Release|Any CPU
		{CE495F44-A094-4F7F-B3CE-ABB62C96AE94}.Release|Any CPU.ActiveCfg = Release|Any CPU
	EndGlobalSection
EndGlobal
